PODS:
  - AppAuth (2.0.0):
    - AppAuth/Core (= 2.0.0)
    - AppAuth/ExternalUserAgent (= 2.0.0)
  - AppAuth/Core (2.0.0)
  - AppAuth/ExternalUserAgent (2.0.0):
    - AppAuth/Core
  - AppCheckCore (11.2.0):
    - GoogleUtilities/Environment (~> 8.0)
    - GoogleUtilities/UserDefaults (~> 8.0)
    - PromisesObjC (~> 2.4)
  - cloud_firestore (5.6.12):
    - Firebase/Firestore (= 11.15.0)
    - firebase_core
    - Flutter
  - connectivity_plus (0.0.1):
    - Flutter
  - device_info_plus (0.0.1):
    - Flutter
  - file_encrypter (0.0.1):
    - Flutter
    - FlutterMacOS
  - Firebase/Analytics (11.15.0):
    - Firebase/Core
  - Firebase/Auth (11.15.0):
    - Firebase/CoreOnly
    - FirebaseAuth (~> 11.15.0)
  - Firebase/Core (11.15.0):
    - Firebase/CoreOnly
    - FirebaseAnalytics (~> 11.15.0)
  - Firebase/CoreOnly (11.15.0):
    - FirebaseCore (~> 11.15.0)
  - Firebase/DynamicLinks (11.15.0):
    - Firebase/CoreOnly
    - FirebaseDynamicLinks (~> 11.15.0)
  - Firebase/Firestore (11.15.0):
    - Firebase/CoreOnly
    - FirebaseFirestore (~> 11.15.0)
  - Firebase/InAppMessaging (11.15.0):
    - Firebase/CoreOnly
    - FirebaseInAppMessaging (~> 11.15.0-beta)
  - Firebase/Messaging (11.15.0):
    - Firebase/CoreOnly
    - FirebaseMessaging (~> 11.15.0)
  - Firebase/RemoteConfig (11.15.0):
    - Firebase/CoreOnly
    - FirebaseRemoteConfig (~> 11.15.0)
  - firebase_analytics (11.6.0):
    - Firebase/Analytics (= 11.15.0)
    - firebase_core
    - Flutter
  - firebase_auth (5.7.0):
    - Firebase/Auth (= 11.15.0)
    - firebase_core
    - Flutter
  - firebase_core (3.15.2):
    - Firebase/CoreOnly (= 11.15.0)
    - Flutter
  - firebase_dynamic_links (6.1.10):
    - Firebase/DynamicLinks (= 11.15.0)
    - firebase_core
    - Flutter
  - firebase_in_app_messaging (0.8.1-10):
    - Firebase/InAppMessaging (= 11.15.0)
    - firebase_core
    - Flutter
  - firebase_messaging (15.2.10):
    - Firebase/Messaging (= 11.15.0)
    - firebase_core
    - Flutter
  - firebase_remote_config (5.5.0):
    - Firebase/RemoteConfig (= 11.15.0)
    - firebase_core
    - Flutter
  - FirebaseABTesting (11.15.0):
    - FirebaseCore (~> 11.15.0)
  - FirebaseAnalytics (11.15.0):
    - FirebaseAnalytics/Default (= 11.15.0)
    - FirebaseCore (~> 11.15.0)
    - FirebaseInstallations (~> 11.0)
    - GoogleUtilities/AppDelegateSwizzler (~> 8.1)
    - GoogleUtilities/MethodSwizzler (~> 8.1)
    - GoogleUtilities/Network (~> 8.1)
    - "GoogleUtilities/NSData+zlib (~> 8.1)"
    - nanopb (~> 3.30910.0)
  - FirebaseAnalytics/Default (11.15.0):
    - FirebaseCore (~> 11.15.0)
    - FirebaseInstallations (~> 11.0)
    - GoogleAppMeasurement/Default (= 11.15.0)
    - GoogleUtilities/AppDelegateSwizzler (~> 8.1)
    - GoogleUtilities/MethodSwizzler (~> 8.1)
    - GoogleUtilities/Network (~> 8.1)
    - "GoogleUtilities/NSData+zlib (~> 8.1)"
    - nanopb (~> 3.30910.0)
  - FirebaseAppCheckInterop (11.15.0)
  - FirebaseAuth (11.15.0):
    - FirebaseAppCheckInterop (~> 11.0)
    - FirebaseAuthInterop (~> 11.0)
    - FirebaseCore (~> 11.15.0)
    - FirebaseCoreExtension (~> 11.15.0)
    - GoogleUtilities/AppDelegateSwizzler (~> 8.1)
    - GoogleUtilities/Environment (~> 8.1)
    - GTMSessionFetcher/Core (< 5.0, >= 3.4)
    - RecaptchaInterop (~> 101.0)
  - FirebaseAuthInterop (11.15.0)
  - FirebaseCore (11.15.0):
    - FirebaseCoreInternal (~> 11.15.0)
    - GoogleUtilities/Environment (~> 8.1)
    - GoogleUtilities/Logger (~> 8.1)
  - FirebaseCoreExtension (11.15.0):
    - FirebaseCore (~> 11.15.0)
  - FirebaseCoreInternal (11.15.0):
    - "GoogleUtilities/NSData+zlib (~> 8.1)"
  - FirebaseDynamicLinks (11.15.0):
    - FirebaseCore (~> 11.15.0)
  - FirebaseFirestore (11.15.0):
    - FirebaseFirestoreBinary (= 11.15.0)
  - FirebaseFirestoreAbseilBinary (1.2024072200.0)
  - FirebaseFirestoreBinary (11.15.0):
    - FirebaseCore (= 11.15.0)
    - FirebaseCoreExtension (= 11.15.0)
    - FirebaseFirestoreInternalBinary (= 11.15.0)
    - FirebaseSharedSwift (= 11.15.0)
  - FirebaseFirestoreGRPCBoringSSLBinary (1.69.0)
  - FirebaseFirestoreGRPCCoreBinary (1.69.0):
    - FirebaseFirestoreAbseilBinary (= 1.2024072200.0)
    - FirebaseFirestoreGRPCBoringSSLBinary (= 1.69.0)
  - FirebaseFirestoreGRPCCPPBinary (1.69.0):
    - FirebaseFirestoreAbseilBinary (= 1.2024072200.0)
    - FirebaseFirestoreGRPCCoreBinary (= 1.69.0)
  - FirebaseFirestoreInternalBinary (11.15.0):
    - FirebaseCore (= 11.15.0)
    - FirebaseFirestoreAbseilBinary (= 1.2024072200.0)
    - FirebaseFirestoreGRPCCPPBinary (= 1.69.0)
    - leveldb-library (~> 1.22)
    - nanopb (~> 3.30910.0)
  - FirebaseInAppMessaging (11.15.0-beta):
    - FirebaseABTesting (~> 11.0)
    - FirebaseCore (~> 11.15.0)
    - FirebaseInstallations (~> 11.0)
    - GoogleUtilities/Environment (~> 8.1)
    - GoogleUtilities/UserDefaults (~> 8.1)
    - nanopb (~> 3.30910.0)
  - FirebaseInstallations (11.15.0):
    - FirebaseCore (~> 11.15.0)
    - GoogleUtilities/Environment (~> 8.1)
    - GoogleUtilities/UserDefaults (~> 8.1)
    - PromisesObjC (~> 2.4)
  - FirebaseMessaging (11.15.0):
    - FirebaseCore (~> 11.15.0)
    - FirebaseInstallations (~> 11.0)
    - GoogleDataTransport (~> 10.0)
    - GoogleUtilities/AppDelegateSwizzler (~> 8.1)
    - GoogleUtilities/Environment (~> 8.1)
    - GoogleUtilities/Reachability (~> 8.1)
    - GoogleUtilities/UserDefaults (~> 8.1)
    - nanopb (~> 3.30910.0)
  - FirebaseRemoteConfig (11.15.0):
    - FirebaseABTesting (~> 11.0)
    - FirebaseCore (~> 11.15.0)
    - FirebaseInstallations (~> 11.0)
    - FirebaseRemoteConfigInterop (~> 11.0)
    - FirebaseSharedSwift (~> 11.0)
    - GoogleUtilities/Environment (~> 8.1)
    - "GoogleUtilities/NSData+zlib (~> 8.1)"
  - FirebaseRemoteConfigInterop (11.15.0)
  - FirebaseSharedSwift (11.15.0)
  - Flutter (1.0.0)
  - flutter_archive (0.0.1):
    - Flutter
    - ZIPFoundation (= 0.9.19)
  - flutter_image_compress_common (1.0.0):
    - Flutter
    - Mantle
    - SDWebImage
    - SDWebImageWebPCoder
  - flutter_local_notifications (0.0.1):
    - Flutter
  - flutter_mailer (0.0.1):
    - Flutter
  - flutter_native_splash (0.0.1):
    - Flutter
  - fluttertoast (0.0.2):
    - Flutter
  - Google-Mobile-Ads-SDK (12.14.0):
    - GoogleUserMessagingPlatform (>= 1.1)
  - google_mobile_ads (7.0.0):
    - Flutter
    - Google-Mobile-Ads-SDK (~> 12.14.0)
    - webview_flutter_wkwebview
  - google_sign_in_ios (0.0.1):
    - Flutter
    - FlutterMacOS
    - GoogleSignIn (~> 9.0)
    - GTMSessionFetcher (>= 3.4.0)
  - GoogleAdsOnDeviceConversion (2.1.0):
    - GoogleUtilities/Logger (~> 8.1)
    - GoogleUtilities/Network (~> 8.1)
    - nanopb (~> 3.30910.0)
  - GoogleAppMeasurement/Core (11.15.0):
    - GoogleUtilities/AppDelegateSwizzler (~> 8.1)
    - GoogleUtilities/MethodSwizzler (~> 8.1)
    - GoogleUtilities/Network (~> 8.1)
    - "GoogleUtilities/NSData+zlib (~> 8.1)"
    - nanopb (~> 3.30910.0)
  - GoogleAppMeasurement/Default (11.15.0):
    - GoogleAdsOnDeviceConversion (= 2.1.0)
    - GoogleAppMeasurement/Core (= 11.15.0)
    - GoogleAppMeasurement/IdentitySupport (= 11.15.0)
    - GoogleUtilities/AppDelegateSwizzler (~> 8.1)
    - GoogleUtilities/MethodSwizzler (~> 8.1)
    - GoogleUtilities/Network (~> 8.1)
    - "GoogleUtilities/NSData+zlib (~> 8.1)"
    - nanopb (~> 3.30910.0)
  - GoogleAppMeasurement/IdentitySupport (11.15.0):
    - GoogleAppMeasurement/Core (= 11.15.0)
    - GoogleUtilities/AppDelegateSwizzler (~> 8.1)
    - GoogleUtilities/MethodSwizzler (~> 8.1)
    - GoogleUtilities/Network (~> 8.1)
    - "GoogleUtilities/NSData+zlib (~> 8.1)"
    - nanopb (~> 3.30910.0)
  - GoogleDataTransport (10.1.0):
    - nanopb (~> 3.30910.0)
    - PromisesObjC (~> 2.4)
  - GoogleSignIn (9.1.0):
    - AppAuth (~> 2.0)
    - AppCheckCore (~> 11.0)
    - GTMAppAuth (~> 5.0)
    - GTMSessionFetcher/Core (~> 3.3)
  - GoogleUserMessagingPlatform (3.1.0)
  - GoogleUtilities/AppDelegateSwizzler (8.1.0):
    - GoogleUtilities/Environment
    - GoogleUtilities/Logger
    - GoogleUtilities/Network
    - GoogleUtilities/Privacy
  - GoogleUtilities/Environment (8.1.0):
    - GoogleUtilities/Privacy
  - GoogleUtilities/Logger (8.1.0):
    - GoogleUtilities/Environment
    - GoogleUtilities/Privacy
  - GoogleUtilities/MethodSwizzler (8.1.0):
    - GoogleUtilities/Logger
    - GoogleUtilities/Privacy
  - GoogleUtilities/Network (8.1.0):
    - GoogleUtilities/Logger
    - "GoogleUtilities/NSData+zlib"
    - GoogleUtilities/Privacy
    - GoogleUtilities/Reachability
  - "GoogleUtilities/NSData+zlib (8.1.0)":
    - GoogleUtilities/Privacy
  - GoogleUtilities/Privacy (8.1.0)
  - GoogleUtilities/Reachability (8.1.0):
    - GoogleUtilities/Logger
    - GoogleUtilities/Privacy
  - GoogleUtilities/UserDefaults (8.1.0):
    - GoogleUtilities/Logger
    - GoogleUtilities/Privacy
  - GTMAppAuth (5.0.0):
    - AppAuth/Core (~> 2.0)
    - GTMSessionFetcher/Core (< 4.0, >= 3.3)
  - GTMSessionFetcher (3.5.0):
    - GTMSessionFetcher/Full (= 3.5.0)
  - GTMSessionFetcher/Core (3.5.0)
  - GTMSessionFetcher/Full (3.5.0):
    - GTMSessionFetcher/Core
  - image_editor_common (1.0.0):
    - Flutter
  - image_picker_ios (0.0.1):
    - Flutter
  - leveldb-library (1.22.6)
  - libwebp (1.5.0):
    - libwebp/demux (= 1.5.0)
    - libwebp/mux (= 1.5.0)
    - libwebp/sharpyuv (= 1.5.0)
    - libwebp/webp (= 1.5.0)
  - libwebp/demux (1.5.0):
    - libwebp/webp
  - libwebp/mux (1.5.0):
    - libwebp/demux
  - libwebp/sharpyuv (1.5.0)
  - libwebp/webp (1.5.0):
    - libwebp/sharpyuv
  - Mantle (2.2.0):
    - Mantle/extobjc (= 2.2.0)
  - Mantle/extobjc (2.2.0)
  - nanopb (3.30910.0):
    - nanopb/decode (= 3.30910.0)
    - nanopb/encode (= 3.30910.0)
  - nanopb/decode (3.30910.0)
  - nanopb/encode (3.30910.0)
  - package_info_plus (0.4.5):
    - Flutter
  - permission_handler_apple (9.3.0):
    - Flutter
  - PromisesObjC (2.4.0)
  - purchases_flutter (9.12.0):
    - Flutter
    - PurchasesHybridCommon (= 17.36.0)
  - PurchasesHybridCommon (17.36.0):
    - RevenueCat (= 5.58.0)
  - quick_actions_ios (0.0.1):
    - Flutter
  - RecaptchaInterop (101.0.0)
  - RevenueCat (5.58.0)
  - rive_common (0.0.1):
    - Flutter
  - SDWebImage (5.21.6):
    - SDWebImage/Core (= 5.21.6)
  - SDWebImage/Core (5.21.6)
  - SDWebImageWebPCoder (0.15.0):
    - libwebp (~> 1.0)
    - SDWebImage/Core (~> 5.17)
  - Sentry/HybridSDK (8.56.2)
  - sentry_flutter (9.13.0):
    - Flutter
    - FlutterMacOS
    - Sentry/HybridSDK (= 8.56.2)
  - share_plus (0.0.1):
    - Flutter
  - sqflite_darwin (0.0.4):
    - Flutter
    - FlutterMacOS
  - url_launcher_ios (0.0.1):
    - Flutter
  - webview_flutter_wkwebview (0.0.1):
    - Flutter
    - FlutterMacOS
  - ZIPFoundation (0.9.19)

DEPENDENCIES:
  - cloud_firestore (from `.symlinks/plugins/cloud_firestore/ios`)
  - connectivity_plus (from `.symlinks/plugins/connectivity_plus/ios`)
  - device_info_plus (from `.symlinks/plugins/device_info_plus/ios`)
  - file_encrypter (from `.symlinks/plugins/file_encrypter/darwin`)
  - firebase_analytics (from `.symlinks/plugins/firebase_analytics/ios`)
  - firebase_auth (from `.symlinks/plugins/firebase_auth/ios`)
  - firebase_core (from `.symlinks/plugins/firebase_core/ios`)
  - firebase_dynamic_links (from `.symlinks/plugins/firebase_dynamic_links/ios`)
  - firebase_in_app_messaging (from `.symlinks/plugins/firebase_in_app_messaging/ios`)
  - firebase_messaging (from `.symlinks/plugins/firebase_messaging/ios`)
  - firebase_remote_config (from `.symlinks/plugins/firebase_remote_config/ios`)
  - FirebaseFirestore (from `https://github.com/invertase/firestore-ios-sdk-frameworks.git`, tag `11.15.0`)
  - Flutter (from `Flutter`)
  - flutter_archive (from `.symlinks/plugins/flutter_archive/ios`)
  - flutter_image_compress_common (from `.symlinks/plugins/flutter_image_compress_common/ios`)
  - flutter_local_notifications (from `.symlinks/plugins/flutter_local_notifications/ios`)
  - flutter_mailer (from `.symlinks/plugins/flutter_mailer/ios`)
  - flutter_native_splash (from `.symlinks/plugins/flutter_native_splash/ios`)
  - fluttertoast (from `.symlinks/plugins/fluttertoast/ios`)
  - google_mobile_ads (from `.symlinks/plugins/google_mobile_ads/ios`)
  - google_sign_in_ios (from `.symlinks/plugins/google_sign_in_ios/darwin`)
  - image_editor_common (from `.symlinks/plugins/image_editor_common/ios`)
  - image_picker_ios (from `.symlinks/plugins/image_picker_ios/ios`)
  - package_info_plus (from `.symlinks/plugins/package_info_plus/ios`)
  - permission_handler_apple (from `.symlinks/plugins/permission_handler_apple/ios`)
  - purchases_flutter (from `.symlinks/plugins/purchases_flutter/ios`)
  - quick_actions_ios (from `.symlinks/plugins/quick_actions_ios/ios`)
  - rive_common (from `.symlinks/plugins/rive_common/ios`)
  - sentry_flutter (from `.symlinks/plugins/sentry_flutter/ios`)
  - share_plus (from `.symlinks/plugins/share_plus/ios`)
  - sqflite_darwin (from `.symlinks/plugins/sqflite_darwin/darwin`)
  - url_launcher_ios (from `.symlinks/plugins/url_launcher_ios/ios`)
  - webview_flutter_wkwebview (from `.symlinks/plugins/webview_flutter_wkwebview/darwin`)

SPEC REPOS:
  trunk:
    - AppAuth
    - AppCheckCore
    - Firebase
    - FirebaseABTesting
    - FirebaseAnalytics
    - FirebaseAppCheckInterop
    - FirebaseAuth
    - FirebaseAuthInterop
    - FirebaseCore
    - FirebaseCoreExtension
    - FirebaseCoreInternal
    - FirebaseDynamicLinks
    - FirebaseFirestoreAbseilBinary
    - FirebaseFirestoreBinary
    - FirebaseFirestoreGRPCBoringSSLBinary
    - FirebaseFirestoreGRPCCoreBinary
    - FirebaseFirestoreGRPCCPPBinary
    - FirebaseFirestoreInternalBinary
    - FirebaseInAppMessaging
    - FirebaseInstallations
    - FirebaseMessaging
    - FirebaseRemoteConfig
    - FirebaseRemoteConfigInterop
    - FirebaseSharedSwift
    - Google-Mobile-Ads-SDK
    - GoogleAdsOnDeviceConversion
    - GoogleAppMeasurement
    - GoogleDataTransport
    - GoogleSignIn
    - GoogleUserMessagingPlatform
    - GoogleUtilities
    - GTMAppAuth
    - GTMSessionFetcher
    - leveldb-library
    - libwebp
    - Mantle
    - nanopb
    - PromisesObjC
    - PurchasesHybridCommon
    - RecaptchaInterop
    - RevenueCat
    - SDWebImage
    - SDWebImageWebPCoder
    - Sentry
    - ZIPFoundation

EXTERNAL SOURCES:
  cloud_firestore:
    :path: ".symlinks/plugins/cloud_firestore/ios"
  connectivity_plus:
    :path: ".symlinks/plugins/connectivity_plus/ios"
  device_info_plus:
    :path: ".symlinks/plugins/device_info_plus/ios"
  file_encrypter:
    :path: ".symlinks/plugins/file_encrypter/darwin"
  firebase_analytics:
    :path: ".symlinks/plugins/firebase_analytics/ios"
  firebase_auth:
    :path: ".symlinks/plugins/firebase_auth/ios"
  firebase_core:
    :path: ".symlinks/plugins/firebase_core/ios"
  firebase_dynamic_links:
    :path: ".symlinks/plugins/firebase_dynamic_links/ios"
  firebase_in_app_messaging:
    :path: ".symlinks/plugins/firebase_in_app_messaging/ios"
  firebase_messaging:
    :path: ".symlinks/plugins/firebase_messaging/ios"
  firebase_remote_config:
    :path: ".symlinks/plugins/firebase_remote_config/ios"
  FirebaseFirestore:
    :git: https://github.com/invertase/firestore-ios-sdk-frameworks.git
    :tag: 11.15.0
  Flutter:
    :path: Flutter
  flutter_archive:
    :path: ".symlinks/plugins/flutter_archive/ios"
  flutter_image_compress_common:
    :path: ".symlinks/plugins/flutter_image_compress_common/ios"
  flutter_local_notifications:
    :path: ".symlinks/plugins/flutter_local_notifications/ios"
  flutter_mailer:
    :path: ".symlinks/plugins/flutter_mailer/ios"
  flutter_native_splash:
    :path: ".symlinks/plugins/flutter_native_splash/ios"
  fluttertoast:
    :path: ".symlinks/plugins/fluttertoast/ios"
  google_mobile_ads:
    :path: ".symlinks/plugins/google_mobile_ads/ios"
  google_sign_in_ios:
    :path: ".symlinks/plugins/google_sign_in_ios/darwin"
  image_editor_common:
    :path: ".symlinks/plugins/image_editor_common/ios"
  image_picker_ios:
    :path: ".symlinks/plugins/image_picker_ios/ios"
  package_info_plus:
    :path: ".symlinks/plugins/package_info_plus/ios"
  permission_handler_apple:
    :path: ".symlinks/plugins/permission_handler_apple/ios"
  purchases_flutter:
    :path: ".symlinks/plugins/purchases_flutter/ios"
  quick_actions_ios:
    :path: ".symlinks/plugins/quick_actions_ios/ios"
  rive_common:
    :path: ".symlinks/plugins/rive_common/ios"
  sentry_flutter:
    :path: ".symlinks/plugins/sentry_flutter/ios"
  share_plus:
    :path: ".symlinks/plugins/share_plus/ios"
  sqflite_darwin:
    :path: ".symlinks/plugins/sqflite_darwin/darwin"
  url_launcher_ios:
    :path: ".symlinks/plugins/url_launcher_ios/ios"
  webview_flutter_wkwebview:
    :path: ".symlinks/plugins/webview_flutter_wkwebview/darwin"

CHECKOUT OPTIONS:
  FirebaseFirestore:
    :git: https://github.com/invertase/firestore-ios-sdk-frameworks.git
    :tag: 11.15.0

SPEC CHECKSUMS:
  AppAuth: 1c1a8afa7e12f2ec3a294d9882dfa5ab7d3cb063
  AppCheckCore: cc8fd0a3a230ddd401f326489c99990b013f0c4f
  cloud_firestore: 97e42181866db3cba3fe3935895ab779b6acacd6
  connectivity_plus: 2a701ffec2c0ae28a48cf7540e279787e77c447d
  device_info_plus: bf2e3232933866d73fe290f2942f2156cdd10342
  file_encrypter: 06a0713d6384aa517d2e51de489656658a7b4140
  Firebase: d99ac19b909cd2c548339c2241ecd0d1599ab02e
  firebase_analytics: bf93e20703c95030404d6ddbb1adf05bf5c3885b
  firebase_auth: 5342db41af2ba5ed32a6177d9e326eecbebda912
  firebase_core: 99a37263b3c27536063a7b601d9e2a49400a433c
  firebase_dynamic_links: c4fc0263d4b1aa863f3f4650315f3e4e221aa931
  firebase_in_app_messaging: 6c0e558f2ad41689c34f9c8170a40687cd5819eb
  firebase_messaging: bf6697c61f31c7cc0f654131212ff04c0115c2c7
  firebase_remote_config: 395d35aa770405fd0121c97382671371ea00734a
  FirebaseABTesting: 5e9d432834aebf27ab72100d37af44dfbe8d82f7
  FirebaseAnalytics: 6433dfd311ba78084fc93bdfc145e8cb75740eae
  FirebaseAppCheckInterop: 06fe5a3799278ae4667e6c432edd86b1030fa3df
  FirebaseAuth: a6575e5fbf46b046c58dc211a28a5fbdd8d4c83b
  FirebaseAuthInterop: 7087d7a4ee4bc4de019b2d0c240974ed5d89e2fd
  FirebaseCore: efb3893e5b94f32b86e331e3bd6dadf18b66568e
  FirebaseCoreExtension: edbd30474b5ccf04e5f001470bdf6ea616af2435
  FirebaseCoreInternal: 9afa45b1159304c963da48addb78275ef701c6b4
  FirebaseDynamicLinks: 639fc743dc9c9f01709139bf74319536a674f012
  FirebaseFirestore: 736c2099af30aed7728d5789059fee1914b4d213
  FirebaseFirestoreAbseilBinary: 4cfa8823cedc1b774843e04fe578ad279b387f97
  FirebaseFirestoreBinary: 43abe19da1cb39a10171786e5a2e18fa9d57b6af
  FirebaseFirestoreGRPCBoringSSLBinary: c3dfef3ff448ae2c1c85f9baf9fac5afc4db99fa
  FirebaseFirestoreGRPCCoreBinary: 565534e160a0415d12185f7f171c52a567382fbd
  FirebaseFirestoreGRPCCPPBinary: 6c0134e8d230ee58b9d51dec2a30a48efd6d5dc7
  FirebaseFirestoreInternalBinary: ea89c368772c8fa4c9550a464b36c25796f6182c
  FirebaseInAppMessaging: 684b346d8cea49531b9dcaca2c1dbbfa82516fb5
  FirebaseInstallations: 317270fec08a5d418fdbc8429282238cab3ac843
  FirebaseMessaging: 3b26e2cee503815e01c3701236b020aa9b576f09
  FirebaseRemoteConfig: b496646b82855e174a7f1e354c65e0e913085168
  FirebaseRemoteConfigInterop: 1c6135e8a094cc6368949f5faeeca7ee8948b8aa
  FirebaseSharedSwift: e17c654ef1f1a616b0b33054e663ad1035c8fd40
  Flutter: cabc95a1d2626b1b06e7179b784ebcf0c0cde467
  flutter_archive: cb3e0219e555897ba4b36f166baa1eca394890b9
  flutter_image_compress_common: ec1d45c362c9d30a3f6a0426c297f47c52007e3e
  flutter_local_notifications: ff50f8405aaa0ccdc7dcfb9022ca192e8ad9688f
  flutter_mailer: 2ef5a67087bc8c6c4cefd04a178bf1ae2c94cd83
  flutter_native_splash: 52501b97d1c0a5f898d687f1646226c1f93c56ef
  fluttertoast: 21eecd6935e7064cc1fcb733a4c5a428f3f24f0f
  Google-Mobile-Ads-SDK: 4534fd2dfcd3f705c5485a6633c5188d03d4eed2
  google_mobile_ads: 2ba32ffef4a026aa94f526774a40a14ca9662adf
  google_sign_in_ios: 7336a3372ea93ea56a21e126a0055ffca3723601
  GoogleAdsOnDeviceConversion: 2be6297a4f048459e0ae17fad9bfd2844e10cf64
  GoogleAppMeasurement: 700dce7541804bec33db590a5c496b663fbe2539
  GoogleDataTransport: aae35b7ea0c09004c3797d53c8c41f66f219d6a7
  GoogleSignIn: fcee2257188d5eda57a5e2b6a715550ffff9206d
  GoogleUserMessagingPlatform: befe603da6501006420c206222acd449bba45a9c
  GoogleUtilities: 00c88b9a86066ef77f0da2fab05f65d7768ed8e1
  GTMAppAuth: 217a876b249c3c585a54fd6f73e6b58c4f5c4238
  GTMSessionFetcher: 5aea5ba6bd522a239e236100971f10cb71b96ab6
  image_editor_common: d6f6644ae4a6de80481e89fe6d0a8c49e30b4b43
  image_picker_ios: 4f2f91b01abdb52842a8e277617df877e40f905b
  leveldb-library: cc8b8f8e013647a295ad3f8cd2ddf49a6f19be19
  libwebp: 02b23773aedb6ff1fd38cec7a77b81414c6842a8
  Mantle: c5aa8794a29a022dfbbfc9799af95f477a69b62d
  nanopb: fad817b59e0457d11a5dfbde799381cd727c1275
  package_info_plus: c0502532a26c7662a62a356cebe2692ec5fe4ec4
  permission_handler_apple: 9878588469a2b0d0fc1e048d9f43605f92e6cec2
  PromisesObjC: f5707f49cb48b9636751c5b2e7d227e43fba9f47
  purchases_flutter: d0a83d9dac58e2a808778274ebf189606d41a17a
  PurchasesHybridCommon: 4767776bf65153d7a43f284439e7560c42d0c80a
  quick_actions_ios: b49ed09d6362da1bf520dacc204661978a8fc5c2
  RecaptchaInterop: 11e0b637842dfb48308d242afc3f448062325aba
  RevenueCat: 88bb4229115b2badcce0e5a97f3dd8cc952b38c8
  rive_common: 4743dbfd2911c99066547a3c6454681e0fa907df
  SDWebImage: 1bb6a1b84b6fe87b972a102bdc77dd589df33477
  SDWebImageWebPCoder: 0e06e365080397465cc73a7a9b472d8a3bd0f377
  Sentry: b53951377b78e21a734f5dc8318e333dbfc682d7
  sentry_flutter: 65e5735fe7e30a65ec52298ca7516c6940fa740b
  share_plus: 8b6f8b3447e494cca5317c8c3073de39b3600d1f
  sqflite_darwin: 5a7236e3b501866c1c9befc6771dfd73ffb8702d
  url_launcher_ios: bb13df5870e8c4234ca12609d04010a21be43dfa
  webview_flutter_wkwebview: 29eb20d43355b48fe7d07113835b9128f84e3af4
  ZIPFoundation: b8c29ea7ae353b309bc810586181fd073cb3312c

PODFILE CHECKSUM: c296a537eb3507bae2c71f2cfa1076d78bd6b43f

COCOAPODS: 1.15.2
